
Microsoft Visual Studio Solution File, Format Version 12.00
# Visual Studio Version 17
VisualStudioVersion = 17.11.35208.52
MinimumVisualStudioVersion = 10.0.40219.1
Project("{9A19103F-16F7-4668-BE54-9A1E7A4F7556}") = "WebApplication1", "WebApplication1\WebApplication1.csproj", "{56918A1F-55D2-4AD6-B129-0996E04CCB80}"
EndProject
Project("{FAE04EC0-301F-11D3-BF4B-00C04F79EFBC}") = "WpfApp1", "WpfApp1\WpfApp1.csproj", "{EC671C4A-608A-40DB-A3AF-B0ADF3A00870}"
EndProject
Global
	GlobalSection(SolutionConfigurationPlatforms) = preSolution
		Debug|Any CPU = Debug|Any CPU
		Release|Any CPU = Release|Any CPU
	EndGlobalSection
	GlobalSection(ProjectConfigurationPlatforms) = postSolution
		{56918A1F-55D2-4AD6-B129-0996E04CCB80}.Debug|Any CPU.ActiveCfg = Debug|Any CPU
		{56918A1F-55D2-4AD6-B129-0996E04CCB80}.Debug|Any CPU.Build.0 = Debug|Any CPU
		{56918A1F-55D2-4AD6-B129-0996E04CCB80}.Release|Any CPU.ActiveCfg = Release|Any CPU
		{56918A1F-55D2-4AD6-B129-0996E04CCB80}.Release|Any CPU.Build.0 = Release|Any CPU
		{EC671C4A-608A-40DB-A3AF-B0ADF3A00870}.Debug|Any CPU.ActiveCfg = Debug|Any CPU
		{EC671C4A-608A-40DB-A3AF-B0ADF3A00870}.Debug|Any CPU.Build.0 = Debug|Any CPU
		{EC671C4A-608A-40DB-A3AF-B0ADF3A00870}.Release|Any CPU.ActiveCfg = Release|Any CPU
		{EC671C4A-608A-40DB-A3AF-B0ADF3A00870}.Release|Any CPU.Build.0 = Release|Any CPU
	EndGlobalSection
	GlobalSection(SolutionProperties) = preSolution
		HideSolutionNode = FALSE
	EndGlobalSection
	GlobalSection(ExtensibilityGlobals) = postSolution
		SolutionGuid = {14F05097-3216-4C37-B2A8-7BCDCD0C720F}
	EndGlobalSection
EndGlobal
